// !$*UTF8*$!
{
	archiveVersion = 1;
	classes = {
	};
	objectVersion = 48;
	objects = {

/* Begin PBXBuildFile section */
		A3FD175E1FC9442A0052ABF8 /* AppDelegate.swift in Sources */ = {isa = PBXBuildFile; fileRef = A3FD175D1FC9442A0052ABF8 /* AppDelegate.swift */; };
		A3FD17601FC9442A0052ABF8 /* ViewController.swift in Sources */ = {isa = PBXBuildFile; fileRef = A3FD175F1FC9442A0052ABF8 /* ViewController.swift */; };
		A3FD17631FC9442A0052ABF8 /* Main.storyboard in Resources */ = {isa = PBXBuildFile; fileRef = A3FD17611FC9442A0052ABF8 /* Main.storyboard */; };
		A3FD17651FC9442A0052ABF8 /* Assets.xcassets in Resources */ = {isa = PBXBuildFile; fileRef = A3FD17641FC9442A0052ABF8 /* Assets.xcassets */; };
		A3FD17681FC9442A0052ABF8 /* LaunchScreen.storyboard in Resources */ = {isa = PBXBuildFile; fileRef = A3FD17661FC9442A0052ABF8 /* LaunchScreen.storyboard */; };
		A3FD17731FC9442A0052ABF8 /* Count_test2Tests.swift in Sources */ = {isa = PBXBuildFile; fileRef = A3FD17721FC9442A0052ABF8 /* Count_test2Tests.swift */; };
		A3FD177E1FC9442A0052ABF8 /* Count_test2UITests.swift in Sources */ = {isa = PBXBuildFile; fileRef = A3FD177D1FC9442A0052ABF8 /* Count_test2UITests.swift */; };
/* End PBXBuildFile section */

/* Begin PBXContainerItemProxy section */
		A3FD176F1FC9442A0052ABF8 /* PBXContainerItemProxy */ = {
			isa = PBXContainerItemProxy;
			containerPortal = A3FD17521FC9442A0052ABF8 /* Project object */;
			proxyType = 1;
			remoteGlobalIDString = A3FD17591FC9442A0052ABF8;
			remoteInfo = "Count test2";
		};
		A3FD177A1FC9442A0052ABF8 /* PBXContainerItemProxy */ = {
			isa = PBXContainerItemProxy;
			containerPortal = A3FD17521FC9442A0052ABF8 /* Project object */;
			proxyType = 1;
			remoteGlobalIDString = A3FD17591FC9442A0052ABF8;
			remoteInfo = "Count test2";
		};
/* End PBXContainerItemProxy section */

/* Begin PBXFileReference section */
		A3FD175A1FC9442A0052ABF8 /* Count test2.app */ = {isa = PBXFileReference; explicitFileType = wrapper.application; includeInIndex = 0; path = "Count test2.app"; sourceTree = BUILT_PRODUCTS_DIR; };
		A3FD175D1FC9442A0052ABF8 /* AppDelegate.swift */ = {isa = PBXFileReference; lastKnownFileType = sourcecode.swift; path = AppDelegate.swift; sourceTree = "<group>"; };
		A3FD175F1FC9442A0052ABF8 /* ViewController.swift */ = {isa = PBXFileReference; lastKnownFileType = sourcecode.swift; path = ViewController.swift; sourceTree = "<group>"; };
		A3FD17621FC9442A0052ABF8 /* Base */ = {isa = PBXFileReference; lastKnownFileType = file.storyboard; name = Base; path = Base.lproj/Main.storyboard; sourceTree = "<group>"; };
		A3FD17641FC9442A0052ABF8 /* Assets.xcassets */ = {isa = PBXFileReference; lastKnownFileType = folder.assetcatalog; path = Assets.xcassets; sourceTree = "<group>"; };
		A3FD17671FC9442A0052ABF8 /* Base */ = {isa = PBXFileReference; lastKnownFileType = file.storyboard; name = Base; path = Base.lproj/LaunchScreen.storyboard; sourceTree = "<group>"; };
		A3FD17691FC9442A0052ABF8 /* Info.plist */ = {isa = PBXFileReference; lastKnownFileType = text.plist.xml; path = Info.plist; sourceTree = "<group>"; };
		A3FD176E1FC9442A0052ABF8 /* Count test2Tests.xctest */ = {isa = PBXFileReference; explicitFileType = wrapper.cfbundle; includeInIndex = 0; path = "Count test2Tests.xctest"; sourceTree = BUILT_PRODUCTS_DIR; };
		A3FD17721FC9442A0052ABF8 /* Count_test2Tests.swift */ = {isa = PBXFileReference; lastKnownFileType = sourcecode.swift; path = Count_test2Tests.swift; sourceTree = "<group>"; };
		A3FD17741FC9442A0052ABF8 /* Info.plist */ = {isa = PBXFileReference; lastKnownFileType = text.plist.xml; path = Info.plist; sourceTree = "<group>"; };
		A3FD17791FC9442A0052ABF8 /* Count test2UITests.xctest */ = {isa = PBXFileReference; explicitFileType = wrapper.cfbundle; includeInIndex = 0; path = "Count test2UITests.xctest"; sourceTree = BUILT_PRODUCTS_DIR; };
		A3FD177D1FC9442A0052ABF8 /* Count_test2UITests.swift */ = {isa = PBXFileReference; lastKnownFileType = sourcecode.swift; path = Count_test2UITests.swift; sourceTree = "<group>"; };
		A3FD177F1FC9442A0052ABF8 /* Info.plist */ = {isa = PBXFileReference; lastKnownFileType = text.plist.xml; path = Info.plist; sourceTree = "<group>"; };
/* End PBXFileReference section */

/* Begin PBXFrameworksBuildPhase section */
		A3FD17571FC9442A0052ABF8 /* Frameworks */ = {
			isa = PBXFrameworksBuildPhase;
			buildActionMask = 2147483647;
			files = (
			);
			runOnlyForDeploymentPostprocessing = 0;
		};
		A3FD176B1FC9442A0052ABF8 /* Frameworks */ = {
			isa = PBXFrameworksBuildPhase;
			buildActionMask = 2147483647;
			files = (
			);
			runOnlyForDeploymentPostprocessing = 0;
		};
		A3FD17761FC9442A0052ABF8 /* Frameworks */ = {
			isa = PBXFrameworksBuildPhase;
			buildActionMask = 2147483647;
			files = (
			);
			runOnlyForDeploymentPostprocessing = 0;
		};
/* End PBXFrameworksBuildPhase section */

/* Begin PBXGroup section */
		A3FD17511FC9442A0052ABF8 = {
			isa = PBXGroup;
			children = (
				A3FD175C1FC9442A0052ABF8 /* Count test2 */,
				A3FD17711FC9442A0052ABF8 /* Count test2Tests */,
				A3FD177C1FC9442A0052ABF8 /* Count test2UITests */,
				A3FD175B1FC9442A0052ABF8 /* Products */,
			);
			sourceTree = "<group>";
		};
		A3FD175B1FC9442A0052ABF8 /* Products */ = {
			isa = PBXGroup;
			children = (
				A3FD175A1FC9442A0052ABF8 /* Count test2.app */,
				A3FD176E1FC9442A0052ABF8 /* Count test2Tests.xctest */,
				A3FD17791FC9442A0052ABF8 /* Count test2UITests.xctest */,
			);
			name = Products;
			sourceTree = "<group>";
		};
		A3FD175C1FC9442A0052ABF8 /* Count test2 */ = {
			isa = PBXGroup;
			children = (
				A3FD175D1FC9442A0052ABF8 /* AppDelegate.swift */,
				A3FD175F1FC9442A0052ABF8 /* ViewController.swift */,
				A3FD17611FC9442A0052ABF8 /* Main.storyboard */,
				A3FD17641FC9442A0052ABF8 /* Assets.xcassets */,
				A3FD17661FC9442A0052ABF8 /* LaunchScreen.storyboard */,
				A3FD17691FC9442A0052ABF8 /* Info.plist */,
			);
			path = "Count test2";
			sourceTree = "<group>";
		};
		A3FD17711FC9442A0052ABF8 /* Count test2Tests */ = {
			isa = PBXGroup;
			children = (
				A3FD17721FC9442A0052ABF8 /* Count_test2Tests.swift */,
				A3FD17741FC9442A0052ABF8 /* Info.plist */,
			);
			path = "Count test2Tests";
			sourceTree = "<group>";
		};
		A3FD177C1FC9442A0052ABF8 /* Count test2UITests */ = {
			isa = PBXGroup;
			children = (
				A3FD177D1FC9442A0052ABF8 /* Count_test2UITests.swift */,
				A3FD177F1FC9442A0052ABF8 /* Info.plist */,
			);
			path = "Count test2UITests";
			sourceTree = "<group>";
		};
/* End PBXGroup section */

/* Begin PBXNativeTarget section */
		A3FD17591FC9442A0052ABF8 /* Count test2 */ = {
			isa = PBXNativeTarget;
			buildConfigurationList = A3FD17821FC9442A0052ABF8 /* Build configuration list for PBXNativeTarget "Count test2" */;
			buildPhases = (
				A3FD17561FC9442A0052ABF8 /* Sources */,
				A3FD17571FC9442A0052ABF8 /* Frameworks */,
				A3FD17581FC9442A0052ABF8 /* Resources */,
			);
			buildRules = (
			);
			dependencies = (
			);
			name = "Count test2";
			productName = "Count test2";
			productReference = A3FD175A1FC9442A0052ABF8 /* Count test2.app */;
			productType = "com.apple.product-type.application";
		};
		A3FD176D1FC9442A0052ABF8 /* Count test2Tests */ = {
			isa = PBXNativeTarget;
			buildConfigurationList = A3FD17851FC9442A0052ABF8 /* Build configuration list for PBXNativeTarget "Count test2Tests" */;
			buildPhases = (
				A3FD176A1FC9442A0052ABF8 /* Sources */,
				A3FD176B1FC9442A0052ABF8 /* Frameworks */,
				A3FD176C1FC9442A0052ABF8 /* Resources */,
			);
			buildRules = (
			);
			dependencies = (
				A3FD17701FC9442A0052ABF8 /* PBXTargetDependency */,
			);
			name = "Count test2Tests";
			productName = "Count test2Tests";
			productReference = A3FD176E1FC9442A0052ABF8 /* Count test2Tests.xctest */;
			productType = "com.apple.product-type.bundle.unit-test";
		};
		A3FD17781FC9442A0052ABF8 /* Count test2UITests */ = {
			isa = PBXNativeTarget;
			buildConfigurationList = A3FD17881FC9442A0052ABF8 /* Build configuration list for PBXNativeTarget "Count test2UITests" */;
			buildPhases = (
				A3FD17751FC9442A0052ABF8 /* Sources */,
				A3FD17761FC9442A0052ABF8 /* Frameworks */,
				A3FD17771FC9442A0052ABF8 /* Resources */,
			);
			buildRules = (
			);
			dependencies = (
				A3FD177B1FC9442A0052ABF8 /* PBXTargetDependency */,
			);
			name = "Count test2UITests";
			productName = "Count test2UITests";
			productReference = A3FD17791FC9442A0052ABF8 /* Count test2UITests.xctest */;
			productType = "com.apple.product-type.bundle.ui-testing";
		};
/* End PBXNativeTarget section */

/* Begin PBXProject section */
		A3FD17521FC9442A0052ABF8 /* Project object */ = {
			isa = PBXProject;
			attributes = {
				LastSwiftUpdateCheck = 0910;
				LastUpgradeCheck = 0910;
				ORGANIZATIONNAME = "倉茂未央那";
				TargetAttributes = {
					A3FD17591FC9442A0052ABF8 = {
						CreatedOnToolsVersion = 9.1;
						ProvisioningStyle = Automatic;
					};
					A3FD176D1FC9442A0052ABF8 = {
						CreatedOnToolsVersion = 9.1;
						ProvisioningStyle = Automatic;
						TestTargetID = A3FD17591FC9442A0052ABF8;
					};
					A3FD17781FC9442A0052ABF8 = {
						CreatedOnToolsVersion = 9.1;
						ProvisioningStyle = Automatic;
						TestTargetID = A3FD17591FC9442A0052ABF8;
					};
				};
			};
			buildConfigurationList = A3FD17551FC9442A0052ABF8 /* Build configuration list for PBXProject "Count test2" */;
			compatibilityVersion = "Xcode 8.0";
			developmentRegion = en;
			hasScannedForEncodings = 0;
			knownRegions = (
				en,
				Base,
			);
			mainGroup = A3FD17511FC9442A0052ABF8;
			productRefGroup = A3FD175B1FC9442A0052ABF8 /* Products */;
			projectDirPath = "";
			projectRoot = "";
			targets = (
				A3FD17591FC9442A0052ABF8 /* Count test2 */,
				A3FD176D1FC9442A0052ABF8 /* Count test2Tests */,
				A3FD17781FC9442A0052ABF8 /* Count test2UITests */,
			);
		};
/* End PBXProject section */

/* Begin PBXResourcesBuildPhase section */
		A3FD17581FC9442A0052ABF8 /* Resources */ = {
			isa = PBXResourcesBuildPhase;
			buildActionMask = 2147483647;
			files = (
				A3FD17681FC9442A0052ABF8 /* LaunchScreen.storyboard in Resources */,
				A3FD17651FC9442A0052ABF8 /* Assets.xcassets in Resources */,
				A3FD17631FC9442A0052ABF8 /* Main.storyboard in Resources */,
			);
			runOnlyForDeploymentPostprocessing = 0;
		};
		A3FD176C1FC9442A0052ABF8 /* Resources */ = {
			isa = PBXResourcesBuildPhase;
			buildActionMask = 2147483647;
			files = (
			);
			runOnlyForDeploymentPostprocessing = 0;
		};
		A3FD17771FC9442A0052ABF8 /* Resources */ = {
			isa = PBXResourcesBuildPhase;
			buildActionMask = 2147483647;
			files = (
			);
			runOnlyForDeploymentPostprocessing = 0;
		};
/* End PBXResourcesBuildPhase section */

/* Begin PBXSourcesBuildPhase section */
		A3FD17561FC9442A0052ABF8 /* Sources */ = {
			isa = PBXSourcesBuildPhase;
			buildActionMask = 2147483647;
			files = (
				A3FD17601FC9442A0052ABF8 /* ViewController.swift in Sources */,
				A3FD175E1FC9442A0052ABF8 /* AppDelegate.swift in Sources */,
			);
			runOnlyForDeploymentPostprocessing = 0;
		};
		A3FD176A1FC9442A0052ABF8 /* Sources */ = {
			isa = PBXSourcesBuildPhase;
			buildActionMask = 2147483647;
			files = (
				A3FD17731FC9442A0052ABF8 /* Count_test2Tests.swift in Sources */,
			);
			runOnlyForDeploymentPostprocessing = 0;
		};
		A3FD17751FC9442A0052ABF8 /* Sources */ = {
			isa = PBXSourcesBuildPhase;
			buildActionMask = 2147483647;
			files = (
				A3FD177E1FC9442A0052ABF8 /* Count_test2UITests.swift in Sources */,
			);
			runOnlyForDeploymentPostprocessing = 0;
		};
/* End PBXSourcesBuildPhase section */

/* Begin PBXTargetDependency section */
		A3FD17701FC9442A0052ABF8 /* PBXTargetDependency */ = {
			isa = PBXTargetDependency;
			target = A3FD17591FC9442A0052ABF8 /* Count test2 */;
			targetProxy = A3FD176F1FC9442A0052ABF8 /* PBXContainerItemProxy */;
		};
		A3FD177B1FC9442A0052ABF8 /* PBXTargetDependency */ = {
			isa = PBXTargetDependency;
			target = A3FD17591FC9442A0052ABF8 /* Count test2 */;
			targetProxy = A3FD177A1FC9442A0052ABF8 /* PBXContainerItemProxy */;
		};
/* End PBXTargetDependency section */

/* Begin PBXVariantGroup section */
		A3FD17611FC9442A0052ABF8 /* Main.storyboard */ = {
			isa = PBXVariantGroup;
			children = (
				A3FD17621FC9442A0052ABF8 /* Base */,
			);
			name = Main.storyboard;
			sourceTree = "<group>";
		};
		A3FD17661FC9442A0052ABF8 /* LaunchScreen.storyboard */ = {
			isa = PBXVariantGroup;
			children = (
				A3FD17671FC9442A0052ABF8 /* Base */,
			);
			name = LaunchScreen.storyboard;
			sourceTree = "<group>";
		};
/* End PBXVariantGroup section */

/* Begin XCBuildConfiguration section */
		A3FD17801FC9442A0052ABF8 /* Debug */ = {
			isa = XCBuildConfiguration;
			buildSettings = {
				ALWAYS_SEARCH_USER_PATHS = NO;
				CLANG_ANALYZER_NONNULL = YES;
				CLANG_ANALYZER_NUMBER_OBJECT_CONVERSION = YES_AGGRESSIVE;
				CLANG_CXX_LANGUAGE_STANDARD = "gnu++14";
				CLANG_CXX_LIBRARY = "libc++";
				CLANG_ENABLE_MODULES = YES;
				CLANG_ENABLE_OBJC_ARC = YES;
				CLANG_WARN_BLOCK_CAPTURE_AUTORELEASING = YES;
				CLANG_WARN_BOOL_CONVERSION = YES;
				CLANG_WARN_COMMA = YES;
				CLANG_WARN_CONSTANT_CONVERSION = YES;
				CLANG_WARN_DIRECT_OBJC_ISA_USAGE = YES_ERROR;
				CLANG_WARN_DOCUMENTATION_COMMENTS = YES;
				CLANG_WARN_EMPTY_BODY = YES;
				CLANG_WARN_ENUM_CONVERSION = YES;
				CLANG_WARN_INFINITE_RECURSION = YES;
				CLANG_WARN_INT_CONVERSION = YES;
				CLANG_WARN_NON_LITERAL_NULL_CONVERSION = YES;
				CLANG_WARN_OBJC_LITERAL_CONVERSION = YES;
				CLANG_WARN_OBJC_ROOT_CLASS = YES_ERROR;
				CLANG_WARN_RANGE_LOOP_ANALYSIS = YES;
				CLANG_WARN_STRICT_PROTOTYPES = YES;
				CLANG_WARN_SUSPICIOUS_MOVE = YES;
				CLANG_WARN_UNGUARDED_AVAILABILITY = YES_AGGRESSIVE;
				CLANG_WARN_UNREACHABLE_CODE = YES;
				CLANG_WARN__DUPLICATE_METHOD_MATCH = YES;
				CODE_SIGN_IDENTITY = "iPhone Developer";
				COPY_PHASE_STRIP = NO;
				DEBUG_INFORMATION_FORMAT = dwarf;
				ENABLE_STRICT_OBJC_MSGSEND = YES;
				ENABLE_TESTABILITY = YES;
				GCC_C_LANGUAGE_STANDARD = gnu11;
				GCC_DYNAMIC_NO_PIC = NO;
				GCC_NO_COMMON_BLOCKS = YES;
				GCC_OPTIMIZATION_LEVEL = 0;
				GCC_PREPROCESSOR_DEFINITIONS = (
					"DEBUG=1",
					"$(inherited)",
				);
				GCC_WARN_64_TO_32_BIT_CONVERSION = YES;
				GCC_WARN_ABOUT_RETURN_TYPE = YES_ERROR;
				GCC_WARN_UNDECLARED_SELECTOR = YES;
				GCC_WARN_UNINITIALIZED_AUTOS = YES_AGGRESSIVE;
				GCC_WARN_UNUSED_FUNCTION = YES;
				GCC_WARN_UNUSED_VARIABLE = YES;
				IPHONEOS_DEPLOYMENT_TARGET = 11.1;
				MTL_ENABLE_DEBUG_INFO = YES;
				ONLY_ACTIVE_ARCH = YES;
				SDKROOT = iphoneos;
				SWIFT_ACTIVE_COMPILATION_CONDITIONS = DEBUG;
				SWIFT_OPTIMIZATION_LEVEL = "-Onone";
			};
			name = Debug;
		};
		A3FD17811FC9442A0052ABF8 /* Release */ = {
			isa = XCBuildConfiguration;
			buildSettings = {
				ALWAYS_SEARCH_USER_PATHS = NO;
				CLANG_ANALYZER_NONNULL = YES;
				CLANG_ANALYZER_NUMBER_OBJECT_CONVERSION = YES_AGGRESSIVE;
				CLANG_CXX_LANGUAGE_STANDARD = "gnu++14";
				CLANG_CXX_LIBRARY = "libc++";
				CLANG_ENABLE_MODULES = YES;
				CLANG_ENABLE_OBJC_ARC = YES;
				CLANG_WARN_BLOCK_CAPTURE_AUTORELEASING = YES;
				CLANG_WARN_BOOL_CONVERSION = YES;
				CLANG_WARN_COMMA = YES;
				CLANG_WARN_CONSTANT_CONVERSION = YES;
				CLANG_WARN_DIRECT_OBJC_ISA_USAGE = YES_ERROR;
				CLANG_WARN_DOCUMENTATION_COMMENTS = YES;
				CLANG_WARN_EMPTY_BODY = YES;
				CLANG_WARN_ENUM_CONVERSION = YES;
				CLANG_WARN_INFINITE_RECURSION = YES;
				CLANG_WARN_INT_CONVERSION = YES;
				CLANG_WARN_NON_LITERAL_NULL_CONVERSION = YES;
				CLANG_WARN_OBJC_LITERAL_CONVERSION = YES;
				CLANG_WARN_OBJC_ROOT_CLASS = YES_ERROR;
				CLANG_WARN_RANGE_LOOP_ANALYSIS = YES;
				CLANG_WARN_STRICT_PROTOTYPES = YES;
				CLANG_WARN_SUSPICIOUS_MOVE = YES;
				CLANG_WARN_UNGUARDED_AVAILABILITY = YES_AGGRESSIVE;
				CLANG_WARN_UNREACHABLE_CODE = YES;
				CLANG_WARN__DUPLICATE_METHOD_MATCH = YES;
				CODE_SIGN_IDENTITY = "iPhone Developer";
				COPY_PHASE_STRIP = NO;
				DEBUG_INFORMATION_FORMAT = "dwarf-with-dsym";
				ENABLE_NS_ASSERTIONS = NO;
				ENABLE_STRICT_OBJC_MSGSEND = YES;
				GCC_C_LANGUAGE_STANDARD = gnu11;
				GCC_NO_COMMON_BLOCKS = YES;
				GCC_WARN_64_TO_32_BIT_CONVERSION = YES;
				GCC_WARN_ABOUT_RETURN_TYPE = YES_ERROR;
				GCC_WARN_UNDECLARED_SELECTOR = YES;
				GCC_WARN_UNINITIALIZED_AUTOS = YES_AGGRESSIVE;
				GCC_WARN_UNUSED_FUNCTION = YES;
				GCC_WARN_UNUSED_VARIABLE = YES;
				IPHONEOS_DEPLOYMENT_TARGET = 11.1;
				MTL_ENABLE_DEBUG_INFO = NO;
				SDKROOT = iphoneos;
				SWIFT_OPTIMIZATION_LEVEL = "-Owholemodule";
				VALIDATE_PRODUCT = YES;
			};
			name = Release;
		};
		A3FD17831FC9442A0052ABF8 /* Debug */ = {
			isa = XCBuildConfiguration;
			buildSettings = {
				ASSETCATALOG_COMPILER_APPICON_NAME = AppIcon;
				CODE_SIGN_STYLE = Automatic;
				INFOPLIST_FILE = "Count test2/Info.plist";
				LD_RUNPATH_SEARCH_PATHS = "$(inherited) @executable_path/Frameworks";
				PRODUCT_BUNDLE_IDENTIFIER = "com.litech.Count-test2";
				PRODUCT_NAME = "$(TARGET_NAME)";
				SWIFT_VERSION = 4.0;
				TARGETED_DEVICE_FAMILY = "1,2";
			};
			name = Debug;
		};
		A3FD17841FC9442A0052ABF8 /* Release */ = {
			isa = XCBuildConfiguration;
			buildSettings = {
				ASSETCATALOG_COMPILER_APPICON_NAME = AppIcon;
				CODE_SIGN_STYLE = Automatic;
				INFOPLIST_FILE = "Count test2/Info.plist";
				LD_RUNPATH_SEARCH_PATHS = "$(inherited) @executable_path/Frameworks";
				PRODUCT_BUNDLE_IDENTIFIER = "com.litech.Count-test2";
				PRODUCT_NAME = "$(TARGET_NAME)";
				SWIFT_VERSION = 4.0;
				TARGETED_DEVICE_FAMILY = "1,2";
			};
			name = Release;
		};
		A3FD17861FC9442A0052ABF8 /* Debug */ = {
			isa = XCBuildConfiguration;
			buildSettings = {
				ALWAYS_EMBED_SWIFT_STANDARD_LIBRARIES = YES;
				BUNDLE_LOADER = "$(TEST_HOST)";
				CODE_SIGN_STYLE = Automatic;
				INFOPLIST_FILE = "Count test2Tests/Info.plist";
				LD_RUNPATH_SEARCH_PATHS = "$(inherited) @executable_path/Frameworks @loader_path/Frameworks";
				PRODUCT_BUNDLE_IDENTIFIER = "com.litech.Count-test2Tests";
				PRODUCT_NAME = "$(TARGET_NAME)";
				SWIFT_VERSION = 4.0;
				TARGETED_DEVICE_FAMILY = "1,2";
				TEST_HOST = "$(BUILT_PRODUCTS_DIR)/Count test2.app/Count test2";
			};
			name = Debug;
		};
		A3FD17871FC9442A0052ABF8 /* Release */ = {
			isa = XCBuildConfiguration;
			buildSettings = {
				ALWAYS_EMBED_SWIFT_STANDARD_LIBRARIES = YES;
				BUNDLE_LOADER = "$(TEST_HOST)";
				CODE_SIGN_STYLE = Automatic;
				INFOPLIST_FILE = "Count test2Tests/Info.plist";
				LD_RUNPATH_SEARCH_PATHS = "$(inherited) @executable_path/Frameworks @loader_path/Frameworks";
				PRODUCT_BUNDLE_IDENTIFIER = "com.litech.Count-test2Tests";
				PRODUCT_NAME = "$(TARGET_NAME)";
				SWIFT_VERSION = 4.0;
				TARGETED_DEVICE_FAMILY = "1,2";
				TEST_HOST = "$(BUILT_PRODUCTS_DIR)/Count test2.app/Count test2";
			};
			name = Release;
		};
		A3FD17891FC9442A0052ABF8 /* Debug */ = {
			isa = XCBuildConfiguration;
			buildSettings = {
				ALWAYS_EMBED_SWIFT_STANDARD_LIBRARIES = YES;
				CODE_SIGN_STYLE = Automatic;
				INFOPLIST_FILE = "Count test2UITests/Info.plist";
				LD_RUNPATH_SEARCH_PATHS = "$(inherited) @executable_path/Frameworks @loader_path/Frameworks";
				PRODUCT_BUNDLE_IDENTIFIER = "com.litech.Count-test2UITests";
				PRODUCT_NAME = "$(TARGET_NAME)";
				SWIFT_VERSION = 4.0;
				TARGETED_DEVICE_FAMILY = "1,2";
				TEST_TARGET_NAME = "Count test2";
			};
			name = Debug;
		};
		A3FD178A1FC9442A0052ABF8 /* Release */ = {
			isa = XCBuildConfiguration;
			buildSettings = {
				ALWAYS_EMBED_SWIFT_STANDARD_LIBRARIES = YES;
				CODE_SIGN_STYLE = Automatic;
				INFOPLIST_FILE = "Count test2UITests/Info.plist";
				LD_RUNPATH_SEARCH_PATHS = "$(inherited) @executable_path/Frameworks @loader_path/Frameworks";
				PRODUCT_BUNDLE_IDENTIFIER = "com.litech.Count-test2UITests";
				PRODUCT_NAME = "$(TARGET_NAME)";
				SWIFT_VERSION = 4.0;
				TARGETED_DEVICE_FAMILY = "1,2";
				TEST_TARGET_NAME = "Count test2";
			};
			name = Release;
		};
/* End XCBuildConfiguration section */

/* Begin XCConfigurationList section */
		A3FD17551FC9442A0052ABF8 /* Build configuration list for PBXProject "Count test2" */ = {
			isa = XCConfigurationList;
			buildConfigurations = (
				A3FD17801FC9442A0052ABF8 /* Debug */,
				A3FD17811FC9442A0052ABF8 /* Release */,
			);
			defaultConfigurationIsVisible = 0;
			defaultConfigurationName = Release;
		};
		A3FD17821FC9442A0052ABF8 /* Build configuration list for PBXNativeTarget "Count test2" */ = {
			isa = XCConfigurationList;
			buildConfigurations = (
				A3FD17831FC9442A0052ABF8 /* Debug */,
				A3FD17841FC9442A0052ABF8 /* Release */,
			);
			defaultConfigurationIsVisible = 0;
			defaultConfigurationName = Release;
		};
		A3FD17851FC9442A0052ABF8 /* Build configuration list for PBXNativeTarget "Count test2Tests" */ = {
			isa = XCConfigurationList;
			buildConfigurations = (
				A3FD17861FC9442A0052ABF8 /* Debug */,
				A3FD17871FC9442A0052ABF8 /* Release */,
			);
			defaultConfigurationIsVisible = 0;
			defaultConfigurationName = Release;
		};
		A3FD17881FC9442A0052ABF8 /* Build configuration list for PBXNativeTarget "Count test2UITests" */ = {
			isa = XCConfigurationList;
			buildConfigurations = (
				A3FD17891FC9442A0052ABF8 /* Debug */,
				A3FD178A1FC9442A0052ABF8 /* Release */,
			);
			defaultConfigurationIsVisible = 0;
			defaultConfigurationName = Release;
		};
/* End XCConfigurationList section */
	};
	rootObject = A3FD17521FC9442A0052ABF8 /* Project object */;
}
